// !$*UTF8*$!
{
	archiveVersion = 1;
	classes = {
	};
	objectVersion = 48;
	objects = {

/* Begin PBXBuildFile section */
		4FD602064468E25F85757D19 /* libPods-ARHologramMap.a in Frameworks */ = {isa = PBXBuildFile; fileRef = 7EFA4FCD47D9E8C80C482F58 /* libPods-ARHologramMap.a */; };
		BB887040ABB3A07562E96155 /* HologramListCell.swift in Sources */ = {isa = PBXBuildFile; fileRef = BB88729077CD380F3F60ECE8 /* HologramListCell.swift */; };
		BB8872AB45F13FB3F48592EF /* SceneViewController.swift in Sources */ = {isa = PBXBuildFile; fileRef = BB88736CF74AC3884957B615 /* SceneViewController.swift */; };
		BB88748D16E71EEC0307708E /* Plane.swift in Sources */ = {isa = PBXBuildFile; fileRef = BB887989F810A8B4FB26C352 /* Plane.swift */; };
		BB88758B82F90303A38479D1 /* HologramsListViewController.swift in Sources */ = {isa = PBXBuildFile; fileRef = BB887FFBB800ACEE61AD0F32 /* HologramsListViewController.swift */; };
		BB8876A6BF3D2A3FFB07AA11 /* technopark.json in Resources */ = {isa = PBXBuildFile; fileRef = BB88717ACFD91756C7D5F3AD /* technopark.json */; };
		BB887822FBCBCE9D16E218BF /* HologramsListViewController.xib in Resources */ = {isa = PBXBuildFile; fileRef = BB88765D6DC5F4910B595AB1 /* HologramsListViewController.xib */; };
		BB88787CF4E849C24D39E4E7 /* HologramsListPresenter.swift in Sources */ = {isa = PBXBuildFile; fileRef = BB88786D9A848D21E88E37B6 /* HologramsListPresenter.swift */; };
		BB8878FDA22A79932C98A388 /* GeometryCreator.swift in Sources */ = {isa = PBXBuildFile; fileRef = BB8874894B3C307BCC6CFEFC /* GeometryCreator.swift */; };
		BB887A9C2B4BA38C7AE6E5FE /* BuildingGeometry.swift in Sources */ = {isa = PBXBuildFile; fileRef = BB887FA2C397D907A1DD424D /* BuildingGeometry.swift */; };
		BB887B4EECEAFD8DCCBD0A26 /* DataService.swift in Sources */ = {isa = PBXBuildFile; fileRef = BB887D29F5E3E5CC78643A10 /* DataService.swift */; };
		BB887C767D43D0168396B4BC /* cube.json in Resources */ = {isa = PBXBuildFile; fileRef = BB8878FCDB3FDBD14A669F9B /* cube.json */; };
		BB887CCDDFF859DEEABA829F /* registry.json in Resources */ = {isa = PBXBuildFile; fileRef = BB887CFDD164AFA91143E8D6 /* registry.json */; };
		BB887E77BD579F38B3FE726A /* HologramListCell.xib in Resources */ = {isa = PBXBuildFile; fileRef = BB88759292A97FC111D9E305 /* HologramListCell.xib */; };
		D01948B823E1C7F9001E619F /* BuildingNode.swift in Sources */ = {isa = PBXBuildFile; fileRef = D019489023E1C7F8001E619F /* BuildingNode.swift */; };
		D01948B923E1C7F9001E619F /* FloorNode.swift in Sources */ = {isa = PBXBuildFile; fileRef = D019489123E1C7F8001E619F /* FloorNode.swift */; };
		D01948BB23E1C7F9001E619F /* FloorSelectorViewCell.swift in Sources */ = {isa = PBXBuildFile; fileRef = D019489523E1C7F8001E619F /* FloorSelectorViewCell.swift */; };
		D01948BC23E1C7F9001E619F /* FloorSelectorViewCell.xib in Resources */ = {isa = PBXBuildFile; fileRef = D019489623E1C7F8001E619F /* FloorSelectorViewCell.xib */; };
		D01948BD23E1C7F9001E619F /* FloorSelectorView.swift in Sources */ = {isa = PBXBuildFile; fileRef = D019489723E1C7F8001E619F /* FloorSelectorView.swift */; };
		D01948BE23E1C7F9001E619F /* FloorSelectorView.xib in Resources */ = {isa = PBXBuildFile; fileRef = D019489823E1C7F8001E619F /* FloorSelectorView.xib */; };
		D01948BF23E1C7F9001E619F /* ARHNode.swift in Sources */ = {isa = PBXBuildFile; fileRef = D019489923E1C7F8001E619F /* ARHNode.swift */; };
		D01948C123E1C7F9001E619F /* HologramViewController.swift in Sources */ = {isa = PBXBuildFile; fileRef = D019489C23E1C7F8001E619F /* HologramViewController.swift */; };
		D01948C223E1C7F9001E619F /* HologramViewController.xib in Resources */ = {isa = PBXBuildFile; fileRef = D019489D23E1C7F8001E619F /* HologramViewController.xib */; };
		D01948C423E1C7F9001E619F /* LaunchScreen.storyboard in Resources */ = {isa = PBXBuildFile; fileRef = D01948A023E1C7F8001E619F /* LaunchScreen.storyboard */; };
		D01948C523E1C7F9001E619F /* Main.storyboard in Resources */ = {isa = PBXBuildFile; fileRef = D01948A223E1C7F8001E619F /* Main.storyboard */; };
		D01948C623E1C7F9001E619F /* ARHologram.swift in Sources */ = {isa = PBXBuildFile; fileRef = D01948A423E1C7F8001E619F /* ARHologram.swift */; };
		D01948C723E1C7F9001E619F /* Building.swift in Sources */ = {isa = PBXBuildFile; fileRef = D01948A623E1C7F8001E619F /* Building.swift */; };
		D01948C823E1C7F9001E619F /* Floor.swift in Sources */ = {isa = PBXBuildFile; fileRef = D01948A723E1C7F8001E619F /* Floor.swift */; };
		D01948C923E1C7F9001E619F /* Array+Extensions.swift in Sources */ = {isa = PBXBuildFile; fileRef = D01948A923E1C7F9001E619F /* Array+Extensions.swift */; };
		D01948CA23E1C7F9001E619F /* SCNVector3+Extensions.swift in Sources */ = {isa = PBXBuildFile; fileRef = D01948AA23E1C7F9001E619F /* SCNVector3+Extensions.swift */; };
		D01948CB23E1C7F9001E619F /* XibLoadableView.swift in Sources */ = {isa = PBXBuildFile; fileRef = D01948AB23E1C7F9001E619F /* XibLoadableView.swift */; };
		D01948CC23E1C7F9001E619F /* CGRect+Extensions.swift in Sources */ = {isa = PBXBuildFile; fileRef = D01948AC23E1C7F9001E619F /* CGRect+Extensions.swift */; };
		D01948CD23E1C7F9001E619F /* SCNNode+Extensions.swift in Sources */ = {isa = PBXBuildFile; fileRef = D01948AD23E1C7F9001E619F /* SCNNode+Extensions.swift */; };
		D01948CE23E1C7F9001E619F /* Typealiases.swift in Sources */ = {isa = PBXBuildFile; fileRef = D01948AE23E1C7F9001E619F /* Typealiases.swift */; };
		D01948D023E1C7F9001E619F /* ViewController.swift in Sources */ = {isa = PBXBuildFile; fileRef = D01948B023E1C7F9001E619F /* ViewController.swift */; };
		D01948D223E1C7F9001E619F /* TestViewController.swift in Sources */ = {isa = PBXBuildFile; fileRef = D01948B323E1C7F9001E619F /* TestViewController.swift */; };
		D01948D323E1C7F9001E619F /* TestViewController.xib in Resources */ = {isa = PBXBuildFile; fileRef = D01948B423E1C7F9001E619F /* TestViewController.xib */; };
		D01948D423E1C7F9001E619F /* AppDelegate.swift in Sources */ = {isa = PBXBuildFile; fileRef = D01948B523E1C7F9001E619F /* AppDelegate.swift */; };
		D01948D523E1C7F9001E619F /* Assets.xcassets in Resources */ = {isa = PBXBuildFile; fileRef = D01948B623E1C7F9001E619F /* Assets.xcassets */; };
		D0F61A5C23E37A940040CC72 /* SceneViewController.xib in Resources */ = {isa = PBXBuildFile; fileRef = D0F61A5B23E37A940040CC72 /* SceneViewController.xib */; };
/* End PBXBuildFile section */

/* Begin PBXFileReference section */
		2D424A5000EA729434EC87E0 /* Pods-ARHologramMap.debug.xcconfig */ = {isa = PBXFileReference; includeInIndex = 1; lastKnownFileType = text.xcconfig; name = "Pods-ARHologramMap.debug.xcconfig"; path = "Target Support Files/Pods-ARHologramMap/Pods-ARHologramMap.debug.xcconfig"; sourceTree = "<group>"; };
		7EFA4FCD47D9E8C80C482F58 /* libPods-ARHologramMap.a */ = {isa = PBXFileReference; explicitFileType = archive.ar; includeInIndex = 0; path = "libPods-ARHologramMap.a"; sourceTree = BUILT_PRODUCTS_DIR; };
		BB88717ACFD91756C7D5F3AD /* technopark.json */ = {isa = PBXFileReference; fileEncoding = 4; lastKnownFileType = text.json; path = technopark.json; sourceTree = "<group>"; };
		BB88729077CD380F3F60ECE8 /* HologramListCell.swift */ = {isa = PBXFileReference; fileEncoding = 4; lastKnownFileType = sourcecode.swift; path = HologramListCell.swift; sourceTree = "<group>"; };
		BB88736CF74AC3884957B615 /* SceneViewController.swift */ = {isa = PBXFileReference; fileEncoding = 4; lastKnownFileType = sourcecode.swift; path = SceneViewController.swift; sourceTree = "<group>"; };
		BB8874894B3C307BCC6CFEFC /* GeometryCreator.swift */ = {isa = PBXFileReference; fileEncoding = 4; lastKnownFileType = sourcecode.swift; path = GeometryCreator.swift; sourceTree = "<group>"; };
		BB88759292A97FC111D9E305 /* HologramListCell.xib */ = {isa = PBXFileReference; lastKnownFileType = file.xib; path = HologramListCell.xib; sourceTree = "<group>"; };
		BB88765D6DC5F4910B595AB1 /* HologramsListViewController.xib */ = {isa = PBXFileReference; lastKnownFileType = file.xib; path = HologramsListViewController.xib; sourceTree = "<group>"; };
		BB88786D9A848D21E88E37B6 /* HologramsListPresenter.swift */ = {isa = PBXFileReference; fileEncoding = 4; lastKnownFileType = sourcecode.swift; path = HologramsListPresenter.swift; sourceTree = "<group>"; };
		BB8878FCDB3FDBD14A669F9B /* cube.json */ = {isa = PBXFileReference; fileEncoding = 4; lastKnownFileType = text.json; path = cube.json; sourceTree = "<group>"; };
		BB887989F810A8B4FB26C352 /* Plane.swift */ = {isa = PBXFileReference; fileEncoding = 4; lastKnownFileType = sourcecode.swift; path = Plane.swift; sourceTree = "<group>"; };
		BB887CFDD164AFA91143E8D6 /* registry.json */ = {isa = PBXFileReference; fileEncoding = 4; lastKnownFileType = text.json; path = registry.json; sourceTree = "<group>"; };
		BB887D29F5E3E5CC78643A10 /* DataService.swift */ = {isa = PBXFileReference; fileEncoding = 4; lastKnownFileType = sourcecode.swift; path = DataService.swift; sourceTree = "<group>"; };
		BB887FA2C397D907A1DD424D /* BuildingGeometry.swift */ = {isa = PBXFileReference; fileEncoding = 4; lastKnownFileType = sourcecode.swift; path = BuildingGeometry.swift; sourceTree = "<group>"; };
		BB887FFBB800ACEE61AD0F32 /* HologramsListViewController.swift */ = {isa = PBXFileReference; fileEncoding = 4; lastKnownFileType = sourcecode.swift; path = HologramsListViewController.swift; sourceTree = "<group>"; };
		C112113505FB4DC4F141A7A9 /* Pods-ARHologramMap.release.xcconfig */ = {isa = PBXFileReference; includeInIndex = 1; lastKnownFileType = text.xcconfig; name = "Pods-ARHologramMap.release.xcconfig"; path = "Target Support Files/Pods-ARHologramMap/Pods-ARHologramMap.release.xcconfig"; sourceTree = "<group>"; };
		D019489023E1C7F8001E619F /* BuildingNode.swift */ = {isa = PBXFileReference; fileEncoding = 4; lastKnownFileType = sourcecode.swift; path = BuildingNode.swift; sourceTree = "<group>"; };
		D019489123E1C7F8001E619F /* FloorNode.swift */ = {isa = PBXFileReference; fileEncoding = 4; lastKnownFileType = sourcecode.swift; path = FloorNode.swift; sourceTree = "<group>"; };
		D019489223E1C7F8001E619F /* Info.plist */ = {isa = PBXFileReference; fileEncoding = 4; lastKnownFileType = text.plist.xml; path = Info.plist; sourceTree = "<group>"; };
		D019489523E1C7F8001E619F /* FloorSelectorViewCell.swift */ = {isa = PBXFileReference; fileEncoding = 4; lastKnownFileType = sourcecode.swift; path = FloorSelectorViewCell.swift; sourceTree = "<group>"; };
		D019489623E1C7F8001E619F /* FloorSelectorViewCell.xib */ = {isa = PBXFileReference; fileEncoding = 4; lastKnownFileType = file.xib; path = FloorSelectorViewCell.xib; sourceTree = "<group>"; };
		D019489723E1C7F8001E619F /* FloorSelectorView.swift */ = {isa = PBXFileReference; fileEncoding = 4; lastKnownFileType = sourcecode.swift; path = FloorSelectorView.swift; sourceTree = "<group>"; };
		D019489823E1C7F8001E619F /* FloorSelectorView.xib */ = {isa = PBXFileReference; fileEncoding = 4; lastKnownFileType = file.xib; path = FloorSelectorView.xib; sourceTree = "<group>"; };
		D019489923E1C7F8001E619F /* ARHNode.swift */ = {isa = PBXFileReference; fileEncoding = 4; lastKnownFileType = sourcecode.swift; path = ARHNode.swift; sourceTree = "<group>"; };
		D019489C23E1C7F8001E619F /* HologramViewController.swift */ = {isa = PBXFileReference; fileEncoding = 4; lastKnownFileType = sourcecode.swift; path = HologramViewController.swift; sourceTree = "<group>"; };
		D019489D23E1C7F8001E619F /* HologramViewController.xib */ = {isa = PBXFileReference; fileEncoding = 4; lastKnownFileType = file.xib; path = HologramViewController.xib; sourceTree = "<group>"; };
		D01948A123E1C7F8001E619F /* Base */ = {isa = PBXFileReference; lastKnownFileType = file.storyboard; name = Base; path = LaunchScreen.storyboard; sourceTree = "<group>"; };
		D01948A323E1C7F8001E619F /* Base */ = {isa = PBXFileReference; lastKnownFileType = file.storyboard; name = Base; path = Main.storyboard; sourceTree = "<group>"; };
		D01948A423E1C7F8001E619F /* ARHologram.swift */ = {isa = PBXFileReference; fileEncoding = 4; lastKnownFileType = sourcecode.swift; path = ARHologram.swift; sourceTree = "<group>"; };
		D01948A623E1C7F8001E619F /* Building.swift */ = {isa = PBXFileReference; fileEncoding = 4; lastKnownFileType = sourcecode.swift; path = Building.swift; sourceTree = "<group>"; };
		D01948A723E1C7F8001E619F /* Floor.swift */ = {isa = PBXFileReference; fileEncoding = 4; lastKnownFileType = sourcecode.swift; path = Floor.swift; sourceTree = "<group>"; };
		D01948A923E1C7F9001E619F /* Array+Extensions.swift */ = {isa = PBXFileReference; fileEncoding = 4; lastKnownFileType = sourcecode.swift; path = "Array+Extensions.swift"; sourceTree = "<group>"; };
		D01948AA23E1C7F9001E619F /* SCNVector3+Extensions.swift */ = {isa = PBXFileReference; fileEncoding = 4; lastKnownFileType = sourcecode.swift; path = "SCNVector3+Extensions.swift"; sourceTree = "<group>"; };
		D01948AB23E1C7F9001E619F /* XibLoadableView.swift */ = {isa = PBXFileReference; fileEncoding = 4; lastKnownFileType = sourcecode.swift; path = XibLoadableView.swift; sourceTree = "<group>"; };
		D01948AC23E1C7F9001E619F /* CGRect+Extensions.swift */ = {isa = PBXFileReference; fileEncoding = 4; lastKnownFileType = sourcecode.swift; path = "CGRect+Extensions.swift"; sourceTree = "<group>"; };
		D01948AD23E1C7F9001E619F /* SCNNode+Extensions.swift */ = {isa = PBXFileReference; fileEncoding = 4; lastKnownFileType = sourcecode.swift; path = "SCNNode+Extensions.swift"; sourceTree = "<group>"; };
		D01948AE23E1C7F9001E619F /* Typealiases.swift */ = {isa = PBXFileReference; fileEncoding = 4; lastKnownFileType = sourcecode.swift; path = Typealiases.swift; sourceTree = "<group>"; };
		D01948B023E1C7F9001E619F /* ViewController.swift */ = {isa = PBXFileReference; fileEncoding = 4; lastKnownFileType = sourcecode.swift; path = ViewController.swift; sourceTree = "<group>"; };
		D01948B323E1C7F9001E619F /* TestViewController.swift */ = {isa = PBXFileReference; fileEncoding = 4; lastKnownFileType = sourcecode.swift; path = TestViewController.swift; sourceTree = "<group>"; };
		D01948B423E1C7F9001E619F /* TestViewController.xib */ = {isa = PBXFileReference; fileEncoding = 4; lastKnownFileType = file.xib; path = TestViewController.xib; sourceTree = "<group>"; };
		D01948B523E1C7F9001E619F /* AppDelegate.swift */ = {isa = PBXFileReference; fileEncoding = 4; lastKnownFileType = sourcecode.swift; path = AppDelegate.swift; sourceTree = "<group>"; };
		D01948B623E1C7F9001E619F /* Assets.xcassets */ = {isa = PBXFileReference; lastKnownFileType = folder.assetcatalog; path = Assets.xcassets; sourceTree = "<group>"; };
		D07CEE9D1FBC550100523ED4 /* ARHologramMap.app */ = {isa = PBXFileReference; explicitFileType = wrapper.application; includeInIndex = 0; path = ARHologramMap.app; sourceTree = BUILT_PRODUCTS_DIR; };
		D0F61A5B23E37A940040CC72 /* SceneViewController.xib */ = {isa = PBXFileReference; lastKnownFileType = file.xib; path = SceneViewController.xib; sourceTree = "<group>"; };
/* End PBXFileReference section */

/* Begin PBXFrameworksBuildPhase section */
		D07CEE9A1FBC550100523ED4 /* Frameworks */ = {
			isa = PBXFrameworksBuildPhase;
			buildActionMask = 2147483647;
			files = (
				4FD602064468E25F85757D19 /* libPods-ARHologramMap.a in Frameworks */,
			);
			runOnlyForDeploymentPostprocessing = 0;
		};
/* End PBXFrameworksBuildPhase section */

/* Begin PBXGroup section */
		488D34356612E0987825D8C9 /* Frameworks */ = {
			isa = PBXGroup;
			children = (
				7EFA4FCD47D9E8C80C482F58 /* libPods-ARHologramMap.a */,
			);
			name = Frameworks;
			sourceTree = "<group>";
		};
		AF48855EFE41449EB44CFA45 /* Pods */ = {
			isa = PBXGroup;
			children = (
				2D424A5000EA729434EC87E0 /* Pods-ARHologramMap.debug.xcconfig */,
				C112113505FB4DC4F141A7A9 /* Pods-ARHologramMap.release.xcconfig */,
			);
			path = Pods;
			sourceTree = "<group>";
		};
		BB88700DE91A5B3E0E9E98D3 /* HologramsListScreen */ = {
			isa = PBXGroup;
			children = (
				BB88786D9A848D21E88E37B6 /* HologramsListPresenter.swift */,
				BB887FFBB800ACEE61AD0F32 /* HologramsListViewController.swift */,
				BB88765D6DC5F4910B595AB1 /* HologramsListViewController.xib */,
				BB8878BFF6758CE603CE8ED4 /* HologramListCell */,
			);
			path = HologramsListScreen;
			sourceTree = "<group>";
		};
		BB8871D67B40039A0E83EFEC /* Res */ = {
			isa = PBXGroup;
			children = (
				BB8878FCDB3FDBD14A669F9B /* cube.json */,
				BB887CFDD164AFA91143E8D6 /* registry.json */,
				BB88717ACFD91756C7D5F3AD /* technopark.json */,
			);
			path = Res;
			sourceTree = "<group>";
		};
		BB887334B8625F49A36209C6 /* Plane */ = {
			isa = PBXGroup;
			children = (
				BB8874894B3C307BCC6CFEFC /* GeometryCreator.swift */,
				BB887989F810A8B4FB26C352 /* Plane.swift */,
			);
			path = Plane;
			sourceTree = "<group>";
		};
		BB88735D0145B1DE37CB342D /* GeometriesHandling */ = {
			isa = PBXGroup;
			children = (
				BB887334B8625F49A36209C6 /* Plane */,
				BB887FA2C397D907A1DD424D /* BuildingGeometry.swift */,
			);
			path = GeometriesHandling;
			sourceTree = "<group>";
		};
		BB8878BFF6758CE603CE8ED4 /* HologramListCell */ = {
			isa = PBXGroup;
			children = (
				BB88729077CD380F3F60ECE8 /* HologramListCell.swift */,
				BB88759292A97FC111D9E305 /* HologramListCell.xib */,
			);
			path = HologramListCell;
			sourceTree = "<group>";
		};
		D019488F23E1C7F8001E619F /* Nodes */ = {
			isa = PBXGroup;
			children = (
				D019489023E1C7F8001E619F /* BuildingNode.swift */,
				D019489123E1C7F8001E619F /* FloorNode.swift */,
			);
			path = Nodes;
			sourceTree = "<group>";
		};
		D019489323E1C7F8001E619F /* FloorSelectorView */ = {
			isa = PBXGroup;
			children = (
				D019489423E1C7F8001E619F /* FloorSelectorViewCell */,
				D019489723E1C7F8001E619F /* FloorSelectorView.swift */,
				D019489823E1C7F8001E619F /* FloorSelectorView.xib */,
			);
			path = FloorSelectorView;
			sourceTree = "<group>";
		};
		D019489423E1C7F8001E619F /* FloorSelectorViewCell */ = {
			isa = PBXGroup;
			children = (
				D019489523E1C7F8001E619F /* FloorSelectorViewCell.swift */,
				D019489623E1C7F8001E619F /* FloorSelectorViewCell.xib */,
			);
			path = FloorSelectorViewCell;
			sourceTree = "<group>";
		};
		D019489B23E1C7F8001E619F /* HologramScreen */ = {
			isa = PBXGroup;
			children = (
				D019489C23E1C7F8001E619F /* HologramViewController.swift */,
				D019489D23E1C7F8001E619F /* HologramViewController.xib */,
			);
			path = HologramScreen;
			sourceTree = "<group>";
		};
		D019489F23E1C7F8001E619F /* Base.lproj */ = {
			isa = PBXGroup;
			children = (
				D01948A023E1C7F8001E619F /* LaunchScreen.storyboard */,
				D01948A223E1C7F8001E619F /* Main.storyboard */,
			);
			path = Base.lproj;
			sourceTree = "<group>";
		};
		D01948A523E1C7F8001E619F /* Models */ = {
			isa = PBXGroup;
			children = (
				D01948A623E1C7F8001E619F /* Building.swift */,
				D01948A723E1C7F8001E619F /* Floor.swift */,
				BB887D29F5E3E5CC78643A10 /* DataService.swift */,
			);
			path = Models;
			sourceTree = "<group>";
		};
		D01948A823E1C7F9001E619F /* Helpers */ = {
			isa = PBXGroup;
			children = (
				D01948A923E1C7F9001E619F /* Array+Extensions.swift */,
				D01948AA23E1C7F9001E619F /* SCNVector3+Extensions.swift */,
				D01948AB23E1C7F9001E619F /* XibLoadableView.swift */,
				D01948AC23E1C7F9001E619F /* CGRect+Extensions.swift */,
				D01948AD23E1C7F9001E619F /* SCNNode+Extensions.swift */,
			);
			path = Helpers;
			sourceTree = "<group>";
		};
		D01948B223E1C7F9001E619F /* TestViewController */ = {
			isa = PBXGroup;
			children = (
				D01948B323E1C7F9001E619F /* TestViewController.swift */,
				D01948B423E1C7F9001E619F /* TestViewController.xib */,
			);
			path = TestViewController;
			sourceTree = "<group>";
		};
		D07CEE941FBC550100523ED4 = {
			isa = PBXGroup;
			children = (
				D07CEE9F1FBC550100523ED4 /* ARHologramMap */,
				D07CEE9E1FBC550100523ED4 /* Products */,
				AF48855EFE41449EB44CFA45 /* Pods */,
				488D34356612E0987825D8C9 /* Frameworks */,
			);
			sourceTree = "<group>";
		};
		D07CEE9E1FBC550100523ED4 /* Products */ = {
			isa = PBXGroup;
			children = (
				D07CEE9D1FBC550100523ED4 /* ARHologramMap.app */,
			);
			name = Products;
			sourceTree = "<group>";
		};
		D07CEE9F1FBC550100523ED4 /* ARHologramMap */ = {
			isa = PBXGroup;
			children = (
				D01948B523E1C7F9001E619F /* AppDelegate.swift */,
				D019489923E1C7F8001E619F /* ARHNode.swift */,
				D01948A423E1C7F8001E619F /* ARHologram.swift */,
				D01948B623E1C7F9001E619F /* Assets.xcassets */,
				D019489F23E1C7F8001E619F /* Base.lproj */,
				D019489323E1C7F8001E619F /* FloorSelectorView */,
				D01948A823E1C7F9001E619F /* Helpers */,
				D019489B23E1C7F8001E619F /* HologramScreen */,
				D019489223E1C7F8001E619F /* Info.plist */,
				D01948A523E1C7F8001E619F /* Models */,
				D019488F23E1C7F8001E619F /* Nodes */,
				D01948B223E1C7F9001E619F /* TestViewController */,
				D01948AE23E1C7F9001E619F /* Typealiases.swift */,
				D01948B023E1C7F9001E619F /* ViewController.swift */,
				BB8871D67B40039A0E83EFEC /* Res */,
				BB88736CF74AC3884957B615 /* SceneViewController.swift */,
				D0F61A5B23E37A940040CC72 /* SceneViewController.xib */,
				BB88700DE91A5B3E0E9E98D3 /* HologramsListScreen */,
				BB88735D0145B1DE37CB342D /* GeometriesHandling */,
			);
			path = ARHologramMap;
			sourceTree = "<group>";
		};
/* End PBXGroup section */

/* Begin PBXNativeTarget section */
		D07CEE9C1FBC550100523ED4 /* ARHologramMap */ = {
			isa = PBXNativeTarget;
			buildConfigurationList = D07CEEB11FBC550100523ED4 /* Build configuration list for PBXNativeTarget "ARHologramMap" */;
			buildPhases = (
				9E5191B2E0C846F2A47D7024 /* [CP] Check Pods Manifest.lock */,
				D07CEE991FBC550100523ED4 /* Sources */,
				D07CEE9A1FBC550100523ED4 /* Frameworks */,
				D07CEE9B1FBC550100523ED4 /* Resources */,
			);
			buildRules = (
			);
			dependencies = (
			);
			name = ARHologramMap;
			productName = ARHologram;
			productReference = D07CEE9D1FBC550100523ED4 /* ARHologramMap.app */;
			productType = "com.apple.product-type.application";
		};
/* End PBXNativeTarget section */

/* Begin PBXProject section */
		D07CEE951FBC550100523ED4 /* Project object */ = {
			isa = PBXProject;
			attributes = {
				LastSwiftUpdateCheck = 0900;
				LastUpgradeCheck = 1030;
				ORGANIZATIONNAME = "Igor Djachenko";
				TargetAttributes = {
					D07CEE9C1FBC550100523ED4 = {
						CreatedOnToolsVersion = 9.0;
						LastSwiftMigration = 1030;
						ProvisioningStyle = Automatic;
					};
				};
			};
			buildConfigurationList = D07CEE981FBC550100523ED4 /* Build configuration list for PBXProject "ARHologramMap" */;
			compatibilityVersion = "Xcode 8.0";
			developmentRegion = en;
			hasScannedForEncodings = 0;
			knownRegions = (
				en,
				Base,
			);
			mainGroup = D07CEE941FBC550100523ED4;
			productRefGroup = D07CEE9E1FBC550100523ED4 /* Products */;
			projectDirPath = "";
			projectRoot = "";
			targets = (
				D07CEE9C1FBC550100523ED4 /* ARHologramMap */,
			);
		};
/* End PBXProject section */

/* Begin PBXResourcesBuildPhase section */
		D07CEE9B1FBC550100523ED4 /* Resources */ = {
			isa = PBXResourcesBuildPhase;
			buildActionMask = 2147483647;
			files = (
				D01948C523E1C7F9001E619F /* Main.storyboard in Resources */,
				D01948BE23E1C7F9001E619F /* FloorSelectorView.xib in Resources */,
				D01948C423E1C7F9001E619F /* LaunchScreen.storyboard in Resources */,
				D01948C223E1C7F9001E619F /* HologramViewController.xib in Resources */,
				D01948D323E1C7F9001E619F /* TestViewController.xib in Resources */,
				D01948D523E1C7F9001E619F /* Assets.xcassets in Resources */,
				D01948BC23E1C7F9001E619F /* FloorSelectorViewCell.xib in Resources */,
				D0F61A5C23E37A940040CC72 /* SceneViewController.xib in Resources */,
				BB887C767D43D0168396B4BC /* cube.json in Resources */,
				BB887CCDDFF859DEEABA829F /* registry.json in Resources */,
				BB8876A6BF3D2A3FFB07AA11 /* technopark.json in Resources */,
				BB887822FBCBCE9D16E218BF /* HologramsListViewController.xib in Resources */,
				BB887E77BD579F38B3FE726A /* HologramListCell.xib in Resources */,
			);
			runOnlyForDeploymentPostprocessing = 0;
		};
/* End PBXResourcesBuildPhase section */

/* Begin PBXShellScriptBuildPhase section */
		9E5191B2E0C846F2A47D7024 /* [CP] Check Pods Manifest.lock */ = {
			isa = PBXShellScriptBuildPhase;
			buildActionMask = 2147483647;
			files = (
			);
			inputFileListPaths = (
			);
			inputPaths = (
				"${PODS_PODFILE_DIR_PATH}/Podfile.lock",
				"${PODS_ROOT}/Manifest.lock",
			);
			name = "[CP] Check Pods Manifest.lock";
			outputFileListPaths = (
			);
			outputPaths = (
				"$(DERIVED_FILE_DIR)/Pods-ARHologramMap-checkManifestLockResult.txt",
			);
			runOnlyForDeploymentPostprocessing = 0;
			shellPath = /bin/sh;
			shellScript = "diff \"${PODS_PODFILE_DIR_PATH}/Podfile.lock\" \"${PODS_ROOT}/Manifest.lock\" > /dev/null\nif [ $? != 0 ] ; then\n    # print error to STDERR\n    echo \"error: The sandbox is not in sync with the Podfile.lock. Run 'pod install' or update your CocoaPods installation.\" >&2\n    exit 1\nfi\n# This output is used by Xcode 'outputs' to avoid re-running this script phase.\necho \"SUCCESS\" > \"${SCRIPT_OUTPUT_FILE_0}\"\n";
			showEnvVarsInLog = 0;
		};
/* End PBXShellScriptBuildPhase section */

/* Begin PBXSourcesBuildPhase section */
		D07CEE991FBC550100523ED4 /* Sources */ = {
			isa = PBXSourcesBuildPhase;
			buildActionMask = 2147483647;
			files = (
				D01948C823E1C7F9001E619F /* Floor.swift in Sources */,
				D01948C123E1C7F9001E619F /* HologramViewController.swift in Sources */,
				D01948D223E1C7F9001E619F /* TestViewController.swift in Sources */,
				D01948C623E1C7F9001E619F /* ARHologram.swift in Sources */,
				D01948BB23E1C7F9001E619F /* FloorSelectorViewCell.swift in Sources */,
				D01948C723E1C7F9001E619F /* Building.swift in Sources */,
				D01948CC23E1C7F9001E619F /* CGRect+Extensions.swift in Sources */,
				D01948CD23E1C7F9001E619F /* SCNNode+Extensions.swift in Sources */,
				D01948CB23E1C7F9001E619F /* XibLoadableView.swift in Sources */,
				D01948D023E1C7F9001E619F /* ViewController.swift in Sources */,
				D01948BD23E1C7F9001E619F /* FloorSelectorView.swift in Sources */,
				D01948BF23E1C7F9001E619F /* ARHNode.swift in Sources */,
				D01948C923E1C7F9001E619F /* Array+Extensions.swift in Sources */,
				D01948B923E1C7F9001E619F /* FloorNode.swift in Sources */,
				D01948CE23E1C7F9001E619F /* Typealiases.swift in Sources */,
				D01948B823E1C7F9001E619F /* BuildingNode.swift in Sources */,
				D01948CA23E1C7F9001E619F /* SCNVector3+Extensions.swift in Sources */,
				D01948D423E1C7F9001E619F /* AppDelegate.swift in Sources */,
				BB8872AB45F13FB3F48592EF /* SceneViewController.swift in Sources */,
				BB88787CF4E849C24D39E4E7 /* HologramsListPresenter.swift in Sources */,
				BB88758B82F90303A38479D1 /* HologramsListViewController.swift in Sources */,
				BB887040ABB3A07562E96155 /* HologramListCell.swift in Sources */,
				BB887B4EECEAFD8DCCBD0A26 /* DataService.swift in Sources */,
				BB8878FDA22A79932C98A388 /* GeometryCreator.swift in Sources */,
				BB88748D16E71EEC0307708E /* Plane.swift in Sources */,
				BB887A9C2B4BA38C7AE6E5FE /* BuildingGeometry.swift in Sources */,
			);
			runOnlyForDeploymentPostprocessing = 0;
		};
/* End PBXSourcesBuildPhase section */

/* Begin PBXVariantGroup section */
		D01948A023E1C7F8001E619F /* LaunchScreen.storyboard */ = {
			isa = PBXVariantGroup;
			children = (
				D01948A123E1C7F8001E619F /* Base */,
			);
			name = LaunchScreen.storyboard;
			sourceTree = "<group>";
		};
		D01948A223E1C7F8001E619F /* Main.storyboard */ = {
			isa = PBXVariantGroup;
			children = (
				D01948A323E1C7F8001E619F /* Base */,
			);
			name = Main.storyboard;
			sourceTree = "<group>";
		};
/* End PBXVariantGroup section */

/* Begin XCBuildConfiguration section */
		D07CEEAF1FBC550100523ED4 /* Debug */ = {
			isa = XCBuildConfiguration;
			buildSettings = {
				ALWAYS_SEARCH_USER_PATHS = NO;
				CLANG_ANALYZER_NONNULL = YES;
				CLANG_ANALYZER_NUMBER_OBJECT_CONVERSION = YES_AGGRESSIVE;
				CLANG_CXX_LANGUAGE_STANDARD = "gnu++14";
				CLANG_CXX_LIBRARY = "libc++";
				CLANG_ENABLE_MODULES = YES;
				CLANG_ENABLE_OBJC_ARC = YES;
				CLANG_WARN_BLOCK_CAPTURE_AUTORELEASING = YES;
				CLANG_WARN_BOOL_CONVERSION = YES;
				CLANG_WARN_COMMA = YES;
				CLANG_WARN_CONSTANT_CONVERSION = YES;
				CLANG_WARN_DEPRECATED_OBJC_IMPLEMENTATIONS = YES;
				CLANG_WARN_DIRECT_OBJC_ISA_USAGE = YES_ERROR;
				CLANG_WARN_DOCUMENTATION_COMMENTS = YES;
				CLANG_WARN_EMPTY_BODY = YES;
				CLANG_WARN_ENUM_CONVERSION = YES;
				CLANG_WARN_INFINITE_RECURSION = YES;
				CLANG_WARN_INT_CONVERSION = YES;
				CLANG_WARN_NON_LITERAL_NULL_CONVERSION = YES;
				CLANG_WARN_OBJC_IMPLICIT_RETAIN_SELF = YES;
				CLANG_WARN_OBJC_LITERAL_CONVERSION = YES;
				CLANG_WARN_OBJC_ROOT_CLASS = YES_ERROR;
				CLANG_WARN_RANGE_LOOP_ANALYSIS = YES;
				CLANG_WARN_STRICT_PROTOTYPES = YES;
				CLANG_WARN_SUSPICIOUS_MOVE = YES;
				CLANG_WARN_UNGUARDED_AVAILABILITY = YES_AGGRESSIVE;
				CLANG_WARN_UNREACHABLE_CODE = YES;
				CLANG_WARN__DUPLICATE_METHOD_MATCH = YES;
				CODE_SIGN_IDENTITY = "iPhone Developer";
				COPY_PHASE_STRIP = NO;
				DEBUG_INFORMATION_FORMAT = dwarf;
				ENABLE_STRICT_OBJC_MSGSEND = YES;
				ENABLE_TESTABILITY = YES;
				GCC_C_LANGUAGE_STANDARD = gnu11;
				GCC_DYNAMIC_NO_PIC = NO;
				GCC_NO_COMMON_BLOCKS = YES;
				GCC_OPTIMIZATION_LEVEL = 0;
				GCC_PREPROCESSOR_DEFINITIONS = (
					"DEBUG=1",
					"$(inherited)",
				);
				GCC_WARN_64_TO_32_BIT_CONVERSION = YES;
				GCC_WARN_ABOUT_RETURN_TYPE = YES_ERROR;
				GCC_WARN_UNDECLARED_SELECTOR = YES;
				GCC_WARN_UNINITIALIZED_AUTOS = YES_AGGRESSIVE;
				GCC_WARN_UNUSED_FUNCTION = YES;
				GCC_WARN_UNUSED_VARIABLE = YES;
				IPHONEOS_DEPLOYMENT_TARGET = 11.0;
				MTL_ENABLE_DEBUG_INFO = YES;
				ONLY_ACTIVE_ARCH = YES;
				SDKROOT = iphoneos;
				SWIFT_ACTIVE_COMPILATION_CONDITIONS = DEBUG;
				SWIFT_OPTIMIZATION_LEVEL = "-Onone";
			};
			name = Debug;
		};
		D07CEEB01FBC550100523ED4 /* Release */ = {
			isa = XCBuildConfiguration;
			buildSettings = {
				ALWAYS_SEARCH_USER_PATHS = NO;
				CLANG_ANALYZER_NONNULL = YES;
				CLANG_ANALYZER_NUMBER_OBJECT_CONVERSION = YES_AGGRESSIVE;
				CLANG_CXX_LANGUAGE_STANDARD = "gnu++14";
				CLANG_CXX_LIBRARY = "libc++";
				CLANG_ENABLE_MODULES = YES;
				CLANG_ENABLE_OBJC_ARC = YES;
				CLANG_WARN_BLOCK_CAPTURE_AUTORELEASING = YES;
				CLANG_WARN_BOOL_CONVERSION = YES;
				CLANG_WARN_COMMA = YES;
				CLANG_WARN_CONSTANT_CONVERSION = YES;
				CLANG_WARN_DEPRECATED_OBJC_IMPLEMENTATIONS = YES;
				CLANG_WARN_DIRECT_OBJC_ISA_USAGE = YES_ERROR;
				CLANG_WARN_DOCUMENTATION_COMMENTS = YES;
				CLANG_WARN_EMPTY_BODY = YES;
				CLANG_WARN_ENUM_CONVERSION = YES;
				CLANG_WARN_INFINITE_RECURSION = YES;
				CLANG_WARN_INT_CONVERSION = YES;
				CLANG_WARN_NON_LITERAL_NULL_CONVERSION = YES;
				CLANG_WARN_OBJC_IMPLICIT_RETAIN_SELF = YES;
				CLANG_WARN_OBJC_LITERAL_CONVERSION = YES;
				CLANG_WARN_OBJC_ROOT_CLASS = YES_ERROR;
				CLANG_WARN_RANGE_LOOP_ANALYSIS = YES;
				CLANG_WARN_STRICT_PROTOTYPES = YES;
				CLANG_WARN_SUSPICIOUS_MOVE = YES;
				CLANG_WARN_UNGUARDED_AVAILABILITY = YES_AGGRESSIVE;
				CLANG_WARN_UNREACHABLE_CODE = YES;
				CLANG_WARN__DUPLICATE_METHOD_MATCH = YES;
				CODE_SIGN_IDENTITY = "iPhone Developer";
				COPY_PHASE_STRIP = NO;
				DEBUG_INFORMATION_FORMAT = "dwarf-with-dsym";
				ENABLE_NS_ASSERTIONS = NO;
				ENABLE_STRICT_OBJC_MSGSEND = YES;
				GCC_C_LANGUAGE_STANDARD = gnu11;
				GCC_NO_COMMON_BLOCKS = YES;
				GCC_WARN_64_TO_32_BIT_CONVERSION = YES;
				GCC_WARN_ABOUT_RETURN_TYPE = YES_ERROR;
				GCC_WARN_UNDECLARED_SELECTOR = YES;
				GCC_WARN_UNINITIALIZED_AUTOS = YES_AGGRESSIVE;
				GCC_WARN_UNUSED_FUNCTION = YES;
				GCC_WARN_UNUSED_VARIABLE = YES;
				IPHONEOS_DEPLOYMENT_TARGET = 11.0;
				MTL_ENABLE_DEBUG_INFO = NO;
				SDKROOT = iphoneos;
				SWIFT_OPTIMIZATION_LEVEL = "-Owholemodule";
				VALIDATE_PRODUCT = YES;
			};
			name = Release;
		};
		D07CEEB21FBC550100523ED4 /* Debug */ = {
			isa = XCBuildConfiguration;
			baseConfigurationReference = 2D424A5000EA729434EC87E0 /* Pods-ARHologramMap.debug.xcconfig */;
			buildSettings = {
				ASSETCATALOG_COMPILER_APPICON_NAME = AppIcon;
				CLANG_ENABLE_MODULES = YES;
				CODE_SIGN_IDENTITY = "iPhone Developer";
				CODE_SIGN_STYLE = Automatic;
				DEVELOPMENT_TEAM = 2T7P8BR7NV;
				INFOPLIST_FILE = "$(SRCROOT)/ARHologramMap/Info.plist";
				IPHONEOS_DEPLOYMENT_TARGET = 12.4;
				LD_RUNPATH_SEARCH_PATHS = "$(inherited) @executable_path/Frameworks";
				PRODUCT_BUNDLE_IDENTIFIER = com.djachenko.ARHologramMap;
				PRODUCT_NAME = "$(TARGET_NAME)";
				PROVISIONING_PROFILE_SPECIFIER = "";
				SWIFT_OPTIMIZATION_LEVEL = "-Onone";
				SWIFT_VERSION = 5.0;
				TARGETED_DEVICE_FAMILY = 1;
			};
			name = Debug;
		};
		D07CEEB31FBC550100523ED4 /* Release */ = {
			isa = XCBuildConfiguration;
			baseConfigurationReference = C112113505FB4DC4F141A7A9 /* Pods-ARHologramMap.release.xcconfig */;
			buildSettings = {
				ASSETCATALOG_COMPILER_APPICON_NAME = AppIcon;
				CLANG_ENABLE_MODULES = YES;
				CODE_SIGN_IDENTITY = "iPhone Developer";
				CODE_SIGN_STYLE = Automatic;
				DEVELOPMENT_TEAM = 2T7P8BR7NV;
				INFOPLIST_FILE = "$(SRCROOT)/ARHologramMap/Info.plist";
				IPHONEOS_DEPLOYMENT_TARGET = 12.4;
				LD_RUNPATH_SEARCH_PATHS = "$(inherited) @executable_path/Frameworks";
				PRODUCT_BUNDLE_IDENTIFIER = com.djachenko.ARHologramMap;
				PRODUCT_NAME = "$(TARGET_NAME)";
				PROVISIONING_PROFILE_SPECIFIER = "";
				SWIFT_VERSION = 5.0;
				TARGETED_DEVICE_FAMILY = 1;
			};
			name = Release;
		};
/* End XCBuildConfiguration section */

/* Begin XCConfigurationList section */
		D07CEE981FBC550100523ED4 /* Build configuration list for PBXProject "ARHologramMap" */ = {
			isa = XCConfigurationList;
			buildConfigurations = (
				D07CEEAF1FBC550100523ED4 /* Debug */,
				D07CEEB01FBC550100523ED4 /* Release */,
			);
			defaultConfigurationIsVisible = 0;
			defaultConfigurationName = Release;
		};
		D07CEEB11FBC550100523ED4 /* Build configuration list for PBXNativeTarget "ARHologramMap" */ = {
			isa = XCConfigurationList;
			buildConfigurations = (
				D07CEEB21FBC550100523ED4 /* Debug */,
				D07CEEB31FBC550100523ED4 /* Release */,
			);
			defaultConfigurationIsVisible = 0;
			defaultConfigurationName = Release;
		};
/* End XCConfigurationList section */
	};
	rootObject = D07CEE951FBC550100523ED4 /* Project object */;
}
